// !$*UTF8*$!
{
	archiveVersion = 1;
	classes = {
	};
	objectVersion = 77;
	objects = {

/* Begin PBXBuildFile section */
		0CEC191CC3BB9D9ECE84F981 /* WysiwygEditorView.swift in Sources */ = {isa = PBXBuildFile; fileRef = 320F0F7976BDB44F8A719C11 /* WysiwygEditorView.swift */; };
		2BAB6ACA0A5ABAFB7852EBFA /* PencilNotesApp.swift in Sources */ = {isa = PBXBuildFile; fileRef = 8546F4E0079D31440D4A03F2 /* PencilNotesApp.swift */; };
		2DA0B7B5F9CAE6E918E741CC /* MarkdownEditor in Frameworks */ = {isa = PBXBuildFile; productRef = C9620B66F518BA8CC451F0EA /* MarkdownEditor */; };
		2F6153342E2F6648637633C4 /* MarkdownEngineLatex in Frameworks */ = {isa = PBXBuildFile; productRef = A29060BCF88248D350BAB246 /* MarkdownEngineLatex */; };
		36BDAA9493DCE8999FF108B3 /* PencilNotesUITests.swift in Sources */ = {isa = PBXBuildFile; fileRef = 955AC353C483EB42ED27C53D /* PencilNotesUITests.swift */; };
		36BECD4A082D46F9FAD7F1F6 /* TableBlockEditor.swift in Sources */ = {isa = PBXBuildFile; fileRef = DC5D31CD5DC8165469AD7242 /* TableBlockEditor.swift */; };
		51FD7BCEB36FACF7D1FCA746 /* DiagramBuilders.swift in Sources */ = {isa = PBXBuildFile; fileRef = A915E5D3B76333826E318386 /* DiagramBuilders.swift */; };
		5FDC21758B5184E25E00F36D /* Assets.xcassets in Resources */ = {isa = PBXBuildFile; fileRef = 96EA481B4C84DDBFD21B4A97 /* Assets.xcassets */; };
		627FA897011E153D6F3152DC /* MarkdownEngineCodeBlocks in Frameworks */ = {isa = PBXBuildFile; productRef = 356158D76E6E22CC72F8712A /* MarkdownEngineCodeBlocks */; };
		914371A936FC504DDDF6AFB0 /* TextBlockEditor.swift in Sources */ = {isa = PBXBuildFile; fileRef = E2DAAEE4EFB6E35975216BB0 /* TextBlockEditor.swift */; };
		9B0AD514324A9363195BF990 /* MediaCodeMathEditors.swift in Sources */ = {isa = PBXBuildFile; fileRef = B52F45FD2793FB352F025BBF /* MediaCodeMathEditors.swift */; };
		9EDE48ED7E1E4DEA3D50EB96 /* ListBlockEditor.swift in Sources */ = {isa = PBXBuildFile; fileRef = A5D805AD61DAA506BED28569 /* ListBlockEditor.swift */; };
		B5B3E9F4A7D13B340355894F /* YouTubeEmbedder.swift in Sources */ = {isa = PBXBuildFile; fileRef = 8AE6AEB5AF09961FE3FE0BA4 /* YouTubeEmbedder.swift */; };
		F4BA81E742F6F94E21A764E3 /* SwiftMarkdownEngine in Frameworks */ = {isa = PBXBuildFile; productRef = 92B980C54823A0B5ABDA7AF7 /* SwiftMarkdownEngine */; };
		FF030A6122E90A2B6DBE943D /* DiagramBuildersMore.swift in Sources */ = {isa = PBXBuildFile; fileRef = FBBB16B604E09E702F3C8F3E /* DiagramBuildersMore.swift */; };
/* End PBXBuildFile section */

/* Begin PBXContainerItemProxy section */
		EF151CD25215375B3C4C2DB8 /* PBXContainerItemProxy */ = {
			isa = PBXContainerItemProxy;
			containerPortal = EDEA3D1DFB0B276491F23CBB /* Project object */;
			proxyType = 1;
			remoteGlobalIDString = 5B374DCA116EEC7EEA95C7FE;
			remoteInfo = PencilNotes;
		};
/* End PBXContainerItemProxy section */

/* Begin PBXFileReference section */
		320F0F7976BDB44F8A719C11 /* WysiwygEditorView.swift */ = {isa = PBXFileReference; lastKnownFileType = sourcecode.swift; path = WysiwygEditorView.swift; sourceTree = "<group>"; };
		36726DF1D641D56F5C56A7F6 /* PencilNotes.app */ = {isa = PBXFileReference; includeInIndex = 0; lastKnownFileType = wrapper.application; path = PencilNotes.app; sourceTree = BUILT_PRODUCTS_DIR; };
		8546F4E0079D31440D4A03F2 /* PencilNotesApp.swift */ = {isa = PBXFileReference; lastKnownFileType = sourcecode.swift; path = PencilNotesApp.swift; sourceTree = "<group>"; };
		8AE6AEB5AF09961FE3FE0BA4 /* YouTubeEmbedder.swift */ = {isa = PBXFileReference; lastKnownFileType = sourcecode.swift; path = YouTubeEmbedder.swift; sourceTree = "<group>"; };
		955AC353C483EB42ED27C53D /* PencilNotesUITests.swift */ = {isa = PBXFileReference; lastKnownFileType = sourcecode.swift; path = PencilNotesUITests.swift; sourceTree = "<group>"; };
		96EA481B4C84DDBFD21B4A97 /* Assets.xcassets */ = {isa = PBXFileReference; lastKnownFileType = folder.assetcatalog; path = Assets.xcassets; sourceTree = "<group>"; };
		A0EB84EBD910948DED751AAE /* PencilNotesUITests.xctest */ = {isa = PBXFileReference; includeInIndex = 0; lastKnownFileType = wrapper.cfbundle; path = PencilNotesUITests.xctest; sourceTree = BUILT_PRODUCTS_DIR; };
		A5D805AD61DAA506BED28569 /* ListBlockEditor.swift */ = {isa = PBXFileReference; lastKnownFileType = sourcecode.swift; path = ListBlockEditor.swift; sourceTree = "<group>"; };
		A915E5D3B76333826E318386 /* DiagramBuilders.swift */ = {isa = PBXFileReference; lastKnownFileType = sourcecode.swift; path = DiagramBuilders.swift; sourceTree = "<group>"; };
		B52F45FD2793FB352F025BBF /* MediaCodeMathEditors.swift */ = {isa = PBXFileReference; lastKnownFileType = sourcecode.swift; path = MediaCodeMathEditors.swift; sourceTree = "<group>"; };
		DC5D31CD5DC8165469AD7242 /* TableBlockEditor.swift */ = {isa = PBXFileReference; lastKnownFileType = sourcecode.swift; path = TableBlockEditor.swift; sourceTree = "<group>"; };
		E2DAAEE4EFB6E35975216BB0 /* TextBlockEditor.swift */ = {isa = PBXFileReference; lastKnownFileType = sourcecode.swift; path = TextBlockEditor.swift; sourceTree = "<group>"; };
		FBBB16B604E09E702F3C8F3E /* DiagramBuildersMore.swift */ = {isa = PBXFileReference; lastKnownFileType = sourcecode.swift; path = DiagramBuildersMore.swift; sourceTree = "<group>"; };
/* End PBXFileReference section */

/* Begin PBXFrameworksBuildPhase section */
		D8D16B22A4BB83B8A8D92E0D /* Frameworks */ = {
			isa = PBXFrameworksBuildPhase;
			buildActionMask = 2147483647;
			files = (
				F4BA81E742F6F94E21A764E3 /* SwiftMarkdownEngine in Frameworks */,
				2DA0B7B5F9CAE6E918E741CC /* MarkdownEditor in Frameworks */,
				627FA897011E153D6F3152DC /* MarkdownEngineCodeBlocks in Frameworks */,
				2F6153342E2F6648637633C4 /* MarkdownEngineLatex in Frameworks */,
			);
			runOnlyForDeploymentPostprocessing = 0;
		};
/* End PBXFrameworksBuildPhase section */

/* Begin PBXGroup section */
		4C3E5234AEB5548526FD5B3C /* Products */ = {
			isa = PBXGroup;
			children = (
				36726DF1D641D56F5C56A7F6 /* PencilNotes.app */,
				A0EB84EBD910948DED751AAE /* PencilNotesUITests.xctest */,
			);
			name = Products;
			sourceTree = "<group>";
		};
		864B6548E46886A081A976AB /* App */ = {
			isa = PBXGroup;
			children = (
				96EA481B4C84DDBFD21B4A97 /* Assets.xcassets */,
				A915E5D3B76333826E318386 /* DiagramBuilders.swift */,
				FBBB16B604E09E702F3C8F3E /* DiagramBuildersMore.swift */,
				A5D805AD61DAA506BED28569 /* ListBlockEditor.swift */,
				B52F45FD2793FB352F025BBF /* MediaCodeMathEditors.swift */,
				8546F4E0079D31440D4A03F2 /* PencilNotesApp.swift */,
				DC5D31CD5DC8165469AD7242 /* TableBlockEditor.swift */,
				E2DAAEE4EFB6E35975216BB0 /* TextBlockEditor.swift */,
				320F0F7976BDB44F8A719C11 /* WysiwygEditorView.swift */,
				8AE6AEB5AF09961FE3FE0BA4 /* YouTubeEmbedder.swift */,
			);
			path = App;
			sourceTree = "<group>";
		};
		91F292915E869F12FC73CC13 /* UITests */ = {
			isa = PBXGroup;
			children = (
				955AC353C483EB42ED27C53D /* PencilNotesUITests.swift */,
			);
			path = UITests;
			sourceTree = "<group>";
		};
		B4C62C372BCD247AF5D7A479 = {
			isa = PBXGroup;
			children = (
				864B6548E46886A081A976AB /* App */,
				91F292915E869F12FC73CC13 /* UITests */,
				4C3E5234AEB5548526FD5B3C /* Products */,
			);
			sourceTree = "<group>";
		};
/* End PBXGroup section */

/* Begin PBXNativeTarget section */
		4353F3515A9494FE8426DE81 /* PencilNotesUITests */ = {
			isa = PBXNativeTarget;
			buildConfigurationList = FF1384355F2E849257037FA5 /* Build configuration list for PBXNativeTarget "PencilNotesUITests" */;
			buildPhases = (
				127B82D6D52BA7738B72D2A0 /* Sources */,
			);
			buildRules = (
			);
			dependencies = (
				D069DC26FFDB98360791F9D0 /* PBXTargetDependency */,
			);
			name = PencilNotesUITests;
			packageProductDependencies = (
			);
			productName = PencilNotesUITests;
			productReference = A0EB84EBD910948DED751AAE /* PencilNotesUITests.xctest */;
			productType = "com.apple.product-type.bundle.ui-testing";
		};
		5B374DCA116EEC7EEA95C7FE /* PencilNotes */ = {
			isa = PBXNativeTarget;
			buildConfigurationList = 409FA5685F1EC39A38EDA8BE /* Build configuration list for PBXNativeTarget "PencilNotes" */;
			buildPhases = (
				00A808469988E043C4FF9627 /* Sources */,
				CF2A6F8B436B31C7500DED34 /* Resources */,
				D8D16B22A4BB83B8A8D92E0D /* Frameworks */,
			);
			buildRules = (
			);
			dependencies = (
			);
			name = PencilNotes;
			packageProductDependencies = (
				92B980C54823A0B5ABDA7AF7 /* SwiftMarkdownEngine */,
				C9620B66F518BA8CC451F0EA /* MarkdownEditor */,
				356158D76E6E22CC72F8712A /* MarkdownEngineCodeBlocks */,
				A29060BCF88248D350BAB246 /* MarkdownEngineLatex */,
			);
			productName = PencilNotes;
			productReference = 36726DF1D641D56F5C56A7F6 /* PencilNotes.app */;
			productType = "com.apple.product-type.application";
		};
/* End PBXNativeTarget section */

/* Begin PBXProject section */
		EDEA3D1DFB0B276491F23CBB /* Project object */ = {
			isa = PBXProject;
			attributes = {
				BuildIndependentTargetsInParallel = YES;
				LastUpgradeCheck = 1430;
				TargetAttributes = {
					4353F3515A9494FE8426DE81 = {
						DevelopmentTeam = 2C69VJZSNR;
						ProvisioningStyle = Automatic;
						TestTargetID = 5B374DCA116EEC7EEA95C7FE;
					};
					5B374DCA116EEC7EEA95C7FE = {
						DevelopmentTeam = 2C69VJZSNR;
						ProvisioningStyle = Automatic;
					};
				};
			};
			buildConfigurationList = 68DC9CF7A3D6E103E559A53A /* Build configuration list for PBXProject "PencilNotes" */;
			developmentRegion = en;
			hasScannedForEncodings = 0;
			knownRegions = (
				Base,
				en,
			);
			mainGroup = B4C62C372BCD247AF5D7A479;
			minimizedProjectReferenceProxies = 1;
			preferredProjectObjectVersion = 77;
			productRefGroup = 4C3E5234AEB5548526FD5B3C /* Products */;
			projectDirPath = "";
			projectRoot = "";
			targets = (
				5B374DCA116EEC7EEA95C7FE /* PencilNotes */,
				4353F3515A9494FE8426DE81 /* PencilNotesUITests */,
			);
		};
/* End PBXProject section */

/* Begin PBXResourcesBuildPhase section */
		CF2A6F8B436B31C7500DED34 /* Resources */ = {
			isa = PBXResourcesBuildPhase;
			buildActionMask = 2147483647;
			files = (
				5FDC21758B5184E25E00F36D /* Assets.xcassets in Resources */,
			);
			runOnlyForDeploymentPostprocessing = 0;
		};
/* End PBXResourcesBuildPhase section */

/* Begin PBXSourcesBuildPhase section */
		00A808469988E043C4FF9627 /* Sources */ = {
			isa = PBXSourcesBuildPhase;
			buildActionMask = 2147483647;
			files = (
				51FD7BCEB36FACF7D1FCA746 /* DiagramBuilders.swift in Sources */,
				FF030A6122E90A2B6DBE943D /* DiagramBuildersMore.swift in Sources */,
				9EDE48ED7E1E4DEA3D50EB96 /* ListBlockEditor.swift in Sources */,
				9B0AD514324A9363195BF990 /* MediaCodeMathEditors.swift in Sources */,
				2BAB6ACA0A5ABAFB7852EBFA /* PencilNotesApp.swift in Sources */,
				36BECD4A082D46F9FAD7F1F6 /* TableBlockEditor.swift in Sources */,
				914371A936FC504DDDF6AFB0 /* TextBlockEditor.swift in Sources */,
				0CEC191CC3BB9D9ECE84F981 /* WysiwygEditorView.swift in Sources */,
				B5B3E9F4A7D13B340355894F /* YouTubeEmbedder.swift in Sources */,
			);
			runOnlyForDeploymentPostprocessing = 0;
		};
		127B82D6D52BA7738B72D2A0 /* Sources */ = {
			isa = PBXSourcesBuildPhase;
			buildActionMask = 2147483647;
			files = (
				36BDAA9493DCE8999FF108B3 /* PencilNotesUITests.swift in Sources */,
			);
			runOnlyForDeploymentPostprocessing = 0;
		};
/* End PBXSourcesBuildPhase section */

/* Begin PBXTargetDependency section */
		D069DC26FFDB98360791F9D0 /* PBXTargetDependency */ = {
			isa = PBXTargetDependency;
			target = 5B374DCA116EEC7EEA95C7FE /* PencilNotes */;
			targetProxy = EF151CD25215375B3C4C2DB8 /* PBXContainerItemProxy */;
		};
/* End PBXTargetDependency section */

/* Begin XCBuildConfiguration section */
		4CE284BB759F558E705228E4 /* Release */ = {
			isa = XCBuildConfiguration;
			buildSettings = {
				BUNDLE_LOADER = "$(TEST_HOST)";
				GENERATE_INFOPLIST_FILE = YES;
				LD_RUNPATH_SEARCH_PATHS = (
					"$(inherited)",
					"@executable_path/Frameworks",
					"@loader_path/Frameworks",
				);
				PRODUCT_BUNDLE_IDENTIFIER = ai.cyberdynecorp.pencilnotes.uitests;
				SDKROOT = iphoneos;
				TARGETED_DEVICE_FAMILY = "1,2";
				TEST_TARGET_NAME = PencilNotes;
			};
			name = Release;
		};
		5343319343E140142DEFA69A /* Release */ = {
			isa = XCBuildConfiguration;
			buildSettings = {
				ASSETCATALOG_COMPILER_APPICON_NAME = AppIcon;
				CODE_SIGN_IDENTITY = "iPhone Developer";
				GENERATE_INFOPLIST_FILE = YES;
				INFOPLIST_KEY_UILaunchScreen_Generation = YES;
				INFOPLIST_KEY_UISupportedInterfaceOrientations = "UIInterfaceOrientationPortrait UIInterfaceOrientationLandscapeLeft UIInterfaceOrientationLandscapeRight";
				INFOPLIST_KEY_UISupportedInterfaceOrientations_iPad = "UIInterfaceOrientationPortrait UIInterfaceOrientationPortraitUpsideDown UIInterfaceOrientationLandscapeLeft UIInterfaceOrientationLandscapeRight";
				LD_RUNPATH_SEARCH_PATHS = (
					"$(inherited)",
					"@executable_path/Frameworks",
				);
				PRODUCT_BUNDLE_IDENTIFIER = ai.cyberdynecorp.pencilnotes.app;
				SDKROOT = iphoneos;
				TARGETED_DEVICE_FAMILY = "1,2";
			};
			name = Release;
		};
		651B47F8F53951CBC962E9BE /* Debug */ = {
			isa = XCBuildConfiguration;
			buildSettings = {
				ASSETCATALOG_COMPILER_APPICON_NAME = AppIcon;
				CODE_SIGN_IDENTITY = "iPhone Developer";
				GENERATE_INFOPLIST_FILE = YES;
				INFOPLIST_KEY_UILaunchScreen_Generation = YES;
				INFOPLIST_KEY_UISupportedInterfaceOrientations = "UIInterfaceOrientationPortrait UIInterfaceOrientationLandscapeLeft UIInterfaceOrientationLandscapeRight";
				INFOPLIST_KEY_UISupportedInterfaceOrientations_iPad = "UIInterfaceOrientationPortrait UIInterfaceOrientationPortraitUpsideDown UIInterfaceOrientationLandscapeLeft UIInterfaceOrientationLandscapeRight";
				LD_RUNPATH_SEARCH_PATHS = (
					"$(inherited)",
					"@executable_path/Frameworks",
				);
				PRODUCT_BUNDLE_IDENTIFIER = ai.cyberdynecorp.pencilnotes.app;
				SDKROOT = iphoneos;
				TARGETED_DEVICE_FAMILY = "1,2";
			};
			name = Debug;
		};
		7E9EC67C6D0E53240690669A /* Debug */ = {
			isa = XCBuildConfiguration;
			buildSettings = {
				BUNDLE_LOADER = "$(TEST_HOST)";
				GENERATE_INFOPLIST_FILE = YES;
				LD_RUNPATH_SEARCH_PATHS = (
					"$(inherited)",
					"@executable_path/Frameworks",
					"@loader_path/Frameworks",
				);
				PRODUCT_BUNDLE_IDENTIFIER = ai.cyberdynecorp.pencilnotes.uitests;
				SDKROOT = iphoneos;
				TARGETED_DEVICE_FAMILY = "1,2";
				TEST_TARGET_NAME = PencilNotes;
			};
			name = Debug;
		};
		8CD020A6933438ED5AE68372 /* Debug */ = {
			isa = XCBuildConfiguration;
			buildSettings = {
				ALWAYS_SEARCH_USER_PATHS = NO;
				CLANG_ANALYZER_NONNULL = YES;
				CLANG_ANALYZER_NUMBER_OBJECT_CONVERSION = YES_AGGRESSIVE;
				CLANG_CXX_LANGUAGE_STANDARD = "gnu++14";
				CLANG_CXX_LIBRARY = "libc++";
				CLANG_ENABLE_MODULES = YES;
				CLANG_ENABLE_OBJC_ARC = YES;
				CLANG_ENABLE_OBJC_WEAK = YES;
				CLANG_WARN_BLOCK_CAPTURE_AUTORELEASING = YES;
				CLANG_WARN_BOOL_CONVERSION = YES;
				CLANG_WARN_COMMA = YES;
				CLANG_WARN_CONSTANT_CONVERSION = YES;
				CLANG_WARN_DEPRECATED_OBJC_IMPLEMENTATIONS = YES;
				CLANG_WARN_DIRECT_OBJC_ISA_USAGE = YES_ERROR;
				CLANG_WARN_DOCUMENTATION_COMMENTS = YES;
				CLANG_WARN_EMPTY_BODY = YES;
				CLANG_WARN_ENUM_CONVERSION = YES;
				CLANG_WARN_INFINITE_RECURSION = YES;
				CLANG_WARN_INT_CONVERSION = YES;
				CLANG_WARN_NON_LITERAL_NULL_CONVERSION = YES;
				CLANG_WARN_OBJC_IMPLICIT_RETAIN_SELF = YES;
				CLANG_WARN_OBJC_LITERAL_CONVERSION = YES;
				CLANG_WARN_OBJC_ROOT_CLASS = YES_ERROR;
				CLANG_WARN_QUOTED_INCLUDE_IN_FRAMEWORK_HEADER = YES;
				CLANG_WARN_RANGE_LOOP_ANALYSIS = YES;
				CLANG_WARN_STRICT_PROTOTYPES = YES;
				CLANG_WARN_SUSPICIOUS_MOVE = YES;
				CLANG_WARN_UNGUARDED_AVAILABILITY = YES_AGGRESSIVE;
				CLANG_WARN_UNREACHABLE_CODE = YES;
				CLANG_WARN__DUPLICATE_METHOD_MATCH = YES;
				CODE_SIGN_STYLE = Automatic;
				COPY_PHASE_STRIP = NO;
				DEBUG_INFORMATION_FORMAT = dwarf;
				DEVELOPMENT_TEAM = 2C69VJZSNR;
				ENABLE_STRICT_OBJC_MSGSEND = YES;
				ENABLE_TESTABILITY = YES;
				GCC_C_LANGUAGE_STANDARD = gnu11;
				GCC_DYNAMIC_NO_PIC = NO;
				GCC_NO_COMMON_BLOCKS = YES;
				GCC_OPTIMIZATION_LEVEL = 0;
				GCC_PREPROCESSOR_DEFINITIONS = (
					"$(inherited)",
					"DEBUG=1",
				);
				GCC_WARN_64_TO_32_BIT_CONVERSION = YES;
				GCC_WARN_ABOUT_RETURN_TYPE = YES_ERROR;
				GCC_WARN_UNDECLARED_SELECTOR = YES;
				GCC_WARN_UNINITIALIZED_AUTOS = YES_AGGRESSIVE;
				GCC_WARN_UNUSED_FUNCTION = YES;
				GCC_WARN_UNUSED_VARIABLE = YES;
				IPHONEOS_DEPLOYMENT_TARGET = 17.0;
				MTL_ENABLE_DEBUG_INFO = INCLUDE_SOURCE;
				MTL_FAST_MATH = YES;
				ONLY_ACTIVE_ARCH = YES;
				PRODUCT_NAME = "$(TARGET_NAME)";
				SDKROOT = iphoneos;
				SWIFT_ACTIVE_COMPILATION_CONDITIONS = DEBUG;
				SWIFT_OPTIMIZATION_LEVEL = "-Onone";
				SWIFT_VERSION = 5.0;
			};
			name = Debug;
		};
		C097D5B3CBF67EA74DBCD1BF /* Release */ = {
			isa = XCBuildConfiguration;
			buildSettings = {
				ALWAYS_SEARCH_USER_PATHS = NO;
				CLANG_ANALYZER_NONNULL = YES;
				CLANG_ANALYZER_NUMBER_OBJECT_CONVERSION = YES_AGGRESSIVE;
				CLANG_CXX_LANGUAGE_STANDARD = "gnu++14";
				CLANG_CXX_LIBRARY = "libc++";
				CLANG_ENABLE_MODULES = YES;
				CLANG_ENABLE_OBJC_ARC = YES;
				CLANG_ENABLE_OBJC_WEAK = YES;
				CLANG_WARN_BLOCK_CAPTURE_AUTORELEASING = YES;
				CLANG_WARN_BOOL_CONVERSION = YES;
				CLANG_WARN_COMMA = YES;
				CLANG_WARN_CONSTANT_CONVERSION = YES;
				CLANG_WARN_DEPRECATED_OBJC_IMPLEMENTATIONS = YES;
				CLANG_WARN_DIRECT_OBJC_ISA_USAGE = YES_ERROR;
				CLANG_WARN_DOCUMENTATION_COMMENTS = YES;
				CLANG_WARN_EMPTY_BODY = YES;
				CLANG_WARN_ENUM_CONVERSION = YES;
				CLANG_WARN_INFINITE_RECURSION = YES;
				CLANG_WARN_INT_CONVERSION = YES;
				CLANG_WARN_NON_LITERAL_NULL_CONVERSION = YES;
				CLANG_WARN_OBJC_IMPLICIT_RETAIN_SELF = YES;
				CLANG_WARN_OBJC_LITERAL_CONVERSION = YES;
				CLANG_WARN_OBJC_ROOT_CLASS = YES_ERROR;
				CLANG_WARN_QUOTED_INCLUDE_IN_FRAMEWORK_HEADER = YES;
				CLANG_WARN_RANGE_LOOP_ANALYSIS = YES;
				CLANG_WARN_STRICT_PROTOTYPES = YES;
				CLANG_WARN_SUSPICIOUS_MOVE = YES;
				CLANG_WARN_UNGUARDED_AVAILABILITY = YES_AGGRESSIVE;
				CLANG_WARN_UNREACHABLE_CODE = YES;
				CLANG_WARN__DUPLICATE_METHOD_MATCH = YES;
				CODE_SIGN_STYLE = Automatic;
				COPY_PHASE_STRIP = NO;
				DEBUG_INFORMATION_FORMAT = "dwarf-with-dsym";
				DEVELOPMENT_TEAM = 2C69VJZSNR;
				ENABLE_NS_ASSERTIONS = NO;
				ENABLE_STRICT_OBJC_MSGSEND = YES;
				GCC_C_LANGUAGE_STANDARD = gnu11;
				GCC_NO_COMMON_BLOCKS = YES;
				GCC_WARN_64_TO_32_BIT_CONVERSION = YES;
				GCC_WARN_ABOUT_RETURN_TYPE = YES_ERROR;
				GCC_WARN_UNDECLARED_SELECTOR = YES;
				GCC_WARN_UNINITIALIZED_AUTOS = YES_AGGRESSIVE;
				GCC_WARN_UNUSED_FUNCTION = YES;
				GCC_WARN_UNUSED_VARIABLE = YES;
				IPHONEOS_DEPLOYMENT_TARGET = 17.0;
				MTL_ENABLE_DEBUG_INFO = NO;
				MTL_FAST_MATH = YES;
				PRODUCT_NAME = "$(TARGET_NAME)";
				SDKROOT = iphoneos;
				SWIFT_COMPILATION_MODE = wholemodule;
				SWIFT_OPTIMIZATION_LEVEL = "-O";
				SWIFT_VERSION = 5.0;
			};
			name = Release;
		};
/* End XCBuildConfiguration section */

/* Begin XCConfigurationList section */
		409FA5685F1EC39A38EDA8BE /* Build configuration list for PBXNativeTarget "PencilNotes" */ = {
			isa = XCConfigurationList;
			buildConfigurations = (
				651B47F8F53951CBC962E9BE /* Debug */,
				5343319343E140142DEFA69A /* Release */,
			);
			defaultConfigurationIsVisible = 0;
			defaultConfigurationName = Debug;
		};
		68DC9CF7A3D6E103E559A53A /* Build configuration list for PBXProject "PencilNotes" */ = {
			isa = XCConfigurationList;
			buildConfigurations = (
				8CD020A6933438ED5AE68372 /* Debug */,
				C097D5B3CBF67EA74DBCD1BF /* Release */,
			);
			defaultConfigurationIsVisible = 0;
			defaultConfigurationName = Debug;
		};
		FF1384355F2E849257037FA5 /* Build configuration list for PBXNativeTarget "PencilNotesUITests" */ = {
			isa = XCConfigurationList;
			buildConfigurations = (
				7E9EC67C6D0E53240690669A /* Debug */,
				4CE284BB759F558E705228E4 /* Release */,
			);
			defaultConfigurationIsVisible = 0;
			defaultConfigurationName = Debug;
		};
/* End XCConfigurationList section */


/* Begin XCSwiftPackageProductDependency section */
		356158D76E6E22CC72F8712A /* MarkdownEngineCodeBlocks */ = {
			isa = XCSwiftPackageProductDependency;
			productName = MarkdownEngineCodeBlocks;
		};
		92B980C54823A0B5ABDA7AF7 /* SwiftMarkdownEngine */ = {
			isa = XCSwiftPackageProductDependency;
			productName = SwiftMarkdownEngine;
		};
		A29060BCF88248D350BAB246 /* MarkdownEngineLatex */ = {
			isa = XCSwiftPackageProductDependency;
			productName = MarkdownEngineLatex;
		};
		C9620B66F518BA8CC451F0EA /* MarkdownEditor */ = {
			isa = XCSwiftPackageProductDependency;
			productName = MarkdownEditor;
		};
/* End XCSwiftPackageProductDependency section */
	};
	rootObject = EDEA3D1DFB0B276491F23CBB /* Project object */;
}
